
Microsoft Visual Studio Solution File, Format Version 12.00
# Visual Studio Version 17
VisualStudioVersion = 17.4.33205.214
MinimumVisualStudioVersion = 10.0.40219.1
Project("{FAE04EC0-301F-11D3-BF4B-00C04F79EFBC}") = "Exercicio1114", "Exercicio1114\Exercicio1114.csproj", "{9413C6C8-F3CC-484F-9EE7-F621F0BA589E}"
EndProject
Global
	GlobalSection(SolutionConfigurationPlatforms) = preSolution
		Debug|Any CPU = Debug|Any CPU
		Release|Any CPU = Release|Any CPU
	EndGlobalSection
	GlobalSection(ProjectConfigurationPlatforms) = postSolution
		{9413C6C8-F3CC-484F-9EE7-F621F0BA589E}.Debug|Any CPU.ActiveCfg = Debug|Any CPU
		{9413C6C8-F3CC-484F-9EE7-F621F0BA589E}.Debug|Any CPU.Build.0 = Debug|Any CPU
		{9413C6C8-F3CC-484F-9EE7-F621F0BA589E}.Release|Any CPU.ActiveCfg = Release|Any CPU
		{9413C6C8-F3CC-484F-9EE7-F621F0BA589E}.Release|Any CPU.Build.0 = Release|Any CPU
	EndGlobalSection
	GlobalSection(SolutionProperties) = preSolution
		HideSolutionNode = FALSE
	EndGlobalSection
	GlobalSection(ExtensibilityGlobals) = postSolution
		SolutionGuid = {6DEBFDD1-24EA-4E89-A524-D50263AD3407}
	EndGlobalSection
EndGlobal
