
Microsoft Visual Studio Solution File, Format Version 12.00
# Visual Studio Version 17
VisualStudioVersion = 17.4.33122.133
MinimumVisualStudioVersion = 10.0.40219.1
Project("{FAE04EC0-301F-11D3-BF4B-00C04F79EFBC}") = "Exercicio1020", "Exercicio1020.csproj", "{0A3053FC-603C-4B12-927A-2A94AEA5A234}"
EndProject
Global
	GlobalSection(SolutionConfigurationPlatforms) = preSolution
		Debug|Any CPU = Debug|Any CPU
		Release|Any CPU = Release|Any CPU
	EndGlobalSection
	GlobalSection(ProjectConfigurationPlatforms) = postSolution
		{0A3053FC-603C-4B12-927A-2A94AEA5A234}.Debug|Any CPU.ActiveCfg = Debug|Any CPU
		{0A3053FC-603C-4B12-927A-2A94AEA5A234}.Debug|Any CPU.Build.0 = Debug|Any CPU
		{0A3053FC-603C-4B12-927A-2A94AEA5A234}.Release|Any CPU.ActiveCfg = Release|Any CPU
		{0A3053FC-603C-4B12-927A-2A94AEA5A234}.Release|Any CPU.Build.0 = Release|Any CPU
	EndGlobalSection
	GlobalSection(SolutionProperties) = preSolution
		HideSolutionNode = FALSE
	EndGlobalSection
	GlobalSection(ExtensibilityGlobals) = postSolution
		SolutionGuid = {5B0A2961-D312-45A5-8D45-7A01C9DC0B59}
	EndGlobalSection
EndGlobal
