
Microsoft Visual Studio Solution File, Format Version 12.00
# Visual Studio Version 17
VisualStudioVersion = 17.4.33110.190
MinimumVisualStudioVersion = 10.0.40219.1
Project("{FAE04EC0-301F-11D3-BF4B-00C04F79EFBC}") = "Exercicio1018", "Exercicio1018.csproj", "{8475B752-9638-4867-A28C-C8FA592F804D}"
EndProject
Global
	GlobalSection(SolutionConfigurationPlatforms) = preSolution
		Debug|Any CPU = Debug|Any CPU
		Release|Any CPU = Release|Any CPU
	EndGlobalSection
	GlobalSection(ProjectConfigurationPlatforms) = postSolution
		{8475B752-9638-4867-A28C-C8FA592F804D}.Debug|Any CPU.ActiveCfg = Debug|Any CPU
		{8475B752-9638-4867-A28C-C8FA592F804D}.Debug|Any CPU.Build.0 = Debug|Any CPU
		{8475B752-9638-4867-A28C-C8FA592F804D}.Release|Any CPU.ActiveCfg = Release|Any CPU
		{8475B752-9638-4867-A28C-C8FA592F804D}.Release|Any CPU.Build.0 = Release|Any CPU
	EndGlobalSection
	GlobalSection(SolutionProperties) = preSolution
		HideSolutionNode = FALSE
	EndGlobalSection
	GlobalSection(ExtensibilityGlobals) = postSolution
		SolutionGuid = {286929C4-FAD5-4222-BC82-2B8526673CEB}
	EndGlobalSection
EndGlobal
