
Microsoft Visual Studio Solution File, Format Version 12.00
# Visual Studio Version 17
VisualStudioVersion = 17.3.32825.248
MinimumVisualStudioVersion = 10.0.40219.1
Project("{FAE04EC0-301F-11D3-BF4B-00C04F79EFBC}") = "Exercicio1049", "Exercicio1049.csproj", "{B68927C4-EA8B-4573-AC79-D9BE37FDEDBF}"
EndProject
Global
	GlobalSection(SolutionConfigurationPlatforms) = preSolution
		Debug|Any CPU = Debug|Any CPU
		Release|Any CPU = Release|Any CPU
	EndGlobalSection
	GlobalSection(ProjectConfigurationPlatforms) = postSolution
		{B68927C4-EA8B-4573-AC79-D9BE37FDEDBF}.Debug|Any CPU.ActiveCfg = Debug|Any CPU
		{B68927C4-EA8B-4573-AC79-D9BE37FDEDBF}.Debug|Any CPU.Build.0 = Debug|Any CPU
		{B68927C4-EA8B-4573-AC79-D9BE37FDEDBF}.Release|Any CPU.ActiveCfg = Release|Any CPU
		{B68927C4-EA8B-4573-AC79-D9BE37FDEDBF}.Release|Any CPU.Build.0 = Release|Any CPU
	EndGlobalSection
	GlobalSection(SolutionProperties) = preSolution
		HideSolutionNode = FALSE
	EndGlobalSection
	GlobalSection(ExtensibilityGlobals) = postSolution
		SolutionGuid = {BA262AF7-48A8-41B7-8DFF-0B080B3E6B70}
	EndGlobalSection
EndGlobal
