
Microsoft Visual Studio Solution File, Format Version 12.00
# Visual Studio Version 17
VisualStudioVersion = 17.4.33205.214
MinimumVisualStudioVersion = 10.0.40219.1
Project("{FAE04EC0-301F-11D3-BF4B-00C04F79EFBC}") = "Exercicio1118", "Exercicio1118\Exercicio1118.csproj", "{A798CA30-52E0-4BAC-8F46-443D70CA23FB}"
EndProject
Global
	GlobalSection(SolutionConfigurationPlatforms) = preSolution
		Debug|Any CPU = Debug|Any CPU
		Release|Any CPU = Release|Any CPU
	EndGlobalSection
	GlobalSection(ProjectConfigurationPlatforms) = postSolution
		{A798CA30-52E0-4BAC-8F46-443D70CA23FB}.Debug|Any CPU.ActiveCfg = Debug|Any CPU
		{A798CA30-52E0-4BAC-8F46-443D70CA23FB}.Debug|Any CPU.Build.0 = Debug|Any CPU
		{A798CA30-52E0-4BAC-8F46-443D70CA23FB}.Release|Any CPU.ActiveCfg = Release|Any CPU
		{A798CA30-52E0-4BAC-8F46-443D70CA23FB}.Release|Any CPU.Build.0 = Release|Any CPU
	EndGlobalSection
	GlobalSection(SolutionProperties) = preSolution
		HideSolutionNode = FALSE
	EndGlobalSection
	GlobalSection(ExtensibilityGlobals) = postSolution
		SolutionGuid = {81B06CE7-286A-4F22-AB34-14A112BF8A63}
	EndGlobalSection
EndGlobal
