
Microsoft Visual Studio Solution File, Format Version 12.00
# Visual Studio Version 17
VisualStudioVersion = 17.3.32825.248
MinimumVisualStudioVersion = 10.0.40219.1
Project("{FAE04EC0-301F-11D3-BF4B-00C04F79EFBC}") = "Exercicio1048", "Exercicio1048.csproj", "{EE242DAC-6926-4FA4-9051-AF77C05F724C}"
EndProject
Global
	GlobalSection(SolutionConfigurationPlatforms) = preSolution
		Debug|Any CPU = Debug|Any CPU
		Release|Any CPU = Release|Any CPU
	EndGlobalSection
	GlobalSection(ProjectConfigurationPlatforms) = postSolution
		{EE242DAC-6926-4FA4-9051-AF77C05F724C}.Debug|Any CPU.ActiveCfg = Debug|Any CPU
		{EE242DAC-6926-4FA4-9051-AF77C05F724C}.Debug|Any CPU.Build.0 = Debug|Any CPU
		{EE242DAC-6926-4FA4-9051-AF77C05F724C}.Release|Any CPU.ActiveCfg = Release|Any CPU
		{EE242DAC-6926-4FA4-9051-AF77C05F724C}.Release|Any CPU.Build.0 = Release|Any CPU
	EndGlobalSection
	GlobalSection(SolutionProperties) = preSolution
		HideSolutionNode = FALSE
	EndGlobalSection
	GlobalSection(ExtensibilityGlobals) = postSolution
		SolutionGuid = {74D2EB5B-0CC0-422A-A190-865476C59493}
	EndGlobalSection
EndGlobal
