
Microsoft Visual Studio Solution File, Format Version 12.00
# Visual Studio Version 17
VisualStudioVersion = 17.4.33110.190
MinimumVisualStudioVersion = 10.0.40219.1
Project("{FAE04EC0-301F-11D3-BF4B-00C04F79EFBC}") = "Exercicio1014", "Exercicio1014.csproj", "{99968265-52EC-45F6-88D4-D7880AE0A615}"
EndProject
Global
	GlobalSection(SolutionConfigurationPlatforms) = preSolution
		Debug|Any CPU = Debug|Any CPU
		Release|Any CPU = Release|Any CPU
	EndGlobalSection
	GlobalSection(ProjectConfigurationPlatforms) = postSolution
		{99968265-52EC-45F6-88D4-D7880AE0A615}.Debug|Any CPU.ActiveCfg = Debug|Any CPU
		{99968265-52EC-45F6-88D4-D7880AE0A615}.Debug|Any CPU.Build.0 = Debug|Any CPU
		{99968265-52EC-45F6-88D4-D7880AE0A615}.Release|Any CPU.ActiveCfg = Release|Any CPU
		{99968265-52EC-45F6-88D4-D7880AE0A615}.Release|Any CPU.Build.0 = Release|Any CPU
	EndGlobalSection
	GlobalSection(SolutionProperties) = preSolution
		HideSolutionNode = FALSE
	EndGlobalSection
	GlobalSection(ExtensibilityGlobals) = postSolution
		SolutionGuid = {C5AF1EF8-4FCA-470E-B13E-E0E9D51C7FDC}
	EndGlobalSection
EndGlobal
